{
  "Appraisals:2042486875": [
    [12, 30, 11, "Style/HashSyntax: Use the new Ruby 1.9 hash syntax.", 476532049],
    [12, 64, 12, "Style/HashSyntax: Use the new Ruby 1.9 hash syntax.", 3823002898]
  ],
  "lib/snaky_hash/snake.rb:2732349303": [
    [59, 26, 4, "Style/MultilineWhenThen: Do not use `then` for multiline `when` statement.", 2087960114],
    [70, 26, 4, "Style/MultilineWhenThen: Do not use `then` for multiline `when` statement.", 2087960114]
  ],
  "spec/shared_examples/a_snaked_hash_instance.rb:1735933345": [
    [44, 34, 1, "Style/TrailingCommaInArguments: Avoid comma after the last parameter of a method call.", 177545],
    [58, 34, 1, "Style/TrailingCommaInArguments: Avoid comma after the last parameter of a method call.", 177545],
    [72, 34, 1, "Style/TrailingCommaInArguments: Avoid comma after the last parameter of a method call.", 177545]
  ],
  "spec/snaky_hash/snake_spec.rb:3732952403": [
    [43, 27, 1, "Style/TrailingCommaInArguments: Avoid comma after the last parameter of a method call.", 177545],
    [89, 10, 1, "Style/TrailingCommaInArguments: Avoid comma after the last parameter of a method call.", 177545]
  ],
  "spec/snaky_hash/string_keyed_spec.rb:4079618445": [
    [15, 17, 23, "Style/PercentLiteralDelimiters: `%w`-literals should be delimited by `[` and `]`.", 2414987529],
    [16, 74, 1, "Style/TrailingCommaInArguments: Avoid comma after the last parameter of a method call.", 177545]
  ],
  "spec/snaky_hash/symbol_keyed_spec.rb:2334970784": [
    [15, 17, 23, "Style/PercentLiteralDelimiters: `%w`-literals should be delimited by `[` and `]`.", 2414987529],
    [16, 74, 1, "Style/TrailingCommaInArguments: Avoid comma after the last parameter of a method call.", 177545]
  ]
}
